Microsoft Visual Studio Solution File, Format Version 12.00
# Visual Studio Version 17
VisualStudioVersion = 17.0.31903.59
MinimumVisualStudioVersion = 10.0.40219.1
Project("{FAE04EC0-301F-11D3-BF4B-00C04F79EFBC}") = "Pazarat.Api", "src\Pazarat.Api\Pazarat.Api.csproj", "{204C1673-3447-5D22-BE4A-DA9E011356AA}"
EndProject
Project("{FAE04EC0-301F-11D3-BF4B-00C04F79EFBC}") = "Pazarat.BuildingBlocks", "src\Pazarat.BuildingBlocks\Pazarat.BuildingBlocks.csproj", "{94514E64-A84B-52F2-9FE1-1C51CB698F4D}"
EndProject
Project("{FAE04EC0-301F-11D3-BF4B-00C04F79EFBC}") = "Pazarat.Modules.Admin", "src\Pazarat.Modules.Admin\Pazarat.Modules.Admin.csproj", "{A3434E75-E065-5674-BF60-E41B9353B1AA}"
EndProject
Project("{FAE04EC0-301F-11D3-BF4B-00C04F79EFBC}") = "Pazarat.Modules.Audit", "src\Pazarat.Modules.Audit\Pazarat.Modules.Audit.csproj", "{A9C2971E-71C9-56DA-B7DD-9A5F116407DD}"
EndProject
Project("{FAE04EC0-301F-11D3-BF4B-00C04F79EFBC}") = "Pazarat.Modules.Catalog", "src\Pazarat.Modules.Catalog\Pazarat.Modules.Catalog.csproj", "{E430D93B-90CD-59BE-8EE4-05D8D43C7D16}"
EndProject
Project("{FAE04EC0-301F-11D3-BF4B-00C04F79EFBC}") = "Pazarat.Modules.CountryContext", "src\Pazarat.Modules.CountryContext\Pazarat.Modules.CountryContext.csproj", "{390B0045-6039-57D4-9B15-4AC057655A4F}"
EndProject
Project("{FAE04EC0-301F-11D3-BF4B-00C04F79EFBC}") = "Pazarat.Modules.CustomsClearance", "src\Pazarat.Modules.CustomsClearance\Pazarat.Modules.CustomsClearance.csproj", "{7F1FA4B2-C8D5-501B-A90D-3C5916D91D55}"
EndProject
Project("{FAE04EC0-301F-11D3-BF4B-00C04F79EFBC}") = "Pazarat.Modules.Identity", "src\Pazarat.Modules.Identity\Pazarat.Modules.Identity.csproj", "{92334EB4-E26C-5E1C-BF14-22CC8D52D039}"
EndProject
Project("{FAE04EC0-301F-11D3-BF4B-00C04F79EFBC}") = "Pazarat.Modules.Notifications", "src\Pazarat.Modules.Notifications\Pazarat.Modules.Notifications.csproj", "{8C6F685D-7209-511F-9E38-3B1A4972A921}"
EndProject
Project("{FAE04EC0-301F-11D3-BF4B-00C04F79EFBC}") = "Pazarat.Modules.Orders", "src\Pazarat.Modules.Orders\Pazarat.Modules.Orders.csproj", "{05AB8E67-6816-527E-B641-C41A76E37E0E}"
EndProject
Project("{FAE04EC0-301F-11D3-BF4B-00C04F79EFBC}") = "Pazarat.Modules.Payments", "src\Pazarat.Modules.Payments\Pazarat.Modules.Payments.csproj", "{1BD2F4EA-A011-51C9-94CF-827C1521524E}"
EndProject
Project("{FAE04EC0-301F-11D3-BF4B-00C04F79EFBC}") = "Pazarat.Modules.Shipping", "src\Pazarat.Modules.Shipping\Pazarat.Modules.Shipping.csproj", "{558891AD-73E5-5C39-9BAC-7CAB2D09F90C}"
EndProject
Project("{FAE04EC0-301F-11D3-BF4B-00C04F79EFBC}") = "Pazarat.Modules.Taxation", "src\Pazarat.Modules.Taxation\Pazarat.Modules.Taxation.csproj", "{AF6DDA0E-CDBA-5657-8D8A-859C7C18C2BD}"
EndProject
Project("{FAE04EC0-301F-11D3-BF4B-00C04F79EFBC}") = "Pazarat.Modules.Users", "src\Pazarat.Modules.Users\Pazarat.Modules.Users.csproj", "{C7AF1383-C2D6-57E1-BFE6-85AA99FFCA9B}"
EndProject
Project("{FAE04EC0-301F-11D3-BF4B-00C04F79EFBC}") = "Pazarat.SharedKernel", "src\Pazarat.SharedKernel\Pazarat.SharedKernel.csproj", "{B8D94AF6-3CF9-55B4-9FF4-E555FCA76574}"
EndProject
Project("{FAE04EC0-301F-11D3-BF4B-00C04F79EFBC}") = "Pazarat.Api.Tests", "tests\Pazarat.Api.Tests\Pazarat.Api.Tests.csproj", "{DFECEDE3-3C47-57DD-9A54-BC2368990F45}"
EndProject
Project("{FAE04EC0-301F-11D3-BF4B-00C04F79EFBC}") = "Pazarat.ArchitectureTests", "tests\Pazarat.ArchitectureTests\Pazarat.ArchitectureTests.csproj", "{8CF3CEE3-6BA2-5C4F-B07D-532E40E48B6E}"
EndProject
Project("{FAE04EC0-301F-11D3-BF4B-00C04F79EFBC}") = "Pazarat.IntegrationTests", "tests\Pazarat.IntegrationTests\Pazarat.IntegrationTests.csproj", "{D5869E4F-940A-583C-8C96-85A840621477}"
EndProject
Project("{FAE04EC0-301F-11D3-BF4B-00C04F79EFBC}") = "Pazarat.Modules.Admin.Tests", "tests\Pazarat.Modules.Admin.Tests\Pazarat.Modules.Admin.Tests.csproj", "{C10D3FBF-F41D-520E-BDD5-C54871DDF202}"
EndProject
Project("{FAE04EC0-301F-11D3-BF4B-00C04F79EFBC}") = "Pazarat.Modules.Audit.Tests", "tests\Pazarat.Modules.Audit.Tests\Pazarat.Modules.Audit.Tests.csproj", "{677C5D40-52F5-5B39-BDA4-91D0FDFBFC77}"
EndProject
Project("{FAE04EC0-301F-11D3-BF4B-00C04F79EFBC}") = "Pazarat.Modules.Catalog.Tests", "tests\Pazarat.Modules.Catalog.Tests\Pazarat.Modules.Catalog.Tests.csproj", "{EFE5DCA7-0215-50A0-9E98-78E4380E45D3}"
EndProject
Project("{FAE04EC0-301F-11D3-BF4B-00C04F79EFBC}") = "Pazarat.Modules.CountryContext.Tests", "tests\Pazarat.Modules.CountryContext.Tests\Pazarat.Modules.CountryContext.Tests.csproj", "{6930CFAB-8DF4-5003-8020-4AB20859F55D}"
EndProject
Project("{FAE04EC0-301F-11D3-BF4B-00C04F79EFBC}") = "Pazarat.Modules.CustomsClearance.Tests", "tests\Pazarat.Modules.CustomsClearance.Tests\Pazarat.Modules.CustomsClearance.Tests.csproj", "{48F83A13-3CCB-5B78-A684-BF044FE8B589}"
EndProject
Project("{FAE04EC0-301F-11D3-BF4B-00C04F79EFBC}") = "Pazarat.Modules.Identity.Tests", "tests\Pazarat.Modules.Identity.Tests\Pazarat.Modules.Identity.Tests.csproj", "{8B26D7C4-CF53-5B44-93E1-5B96ECFA1546}"
EndProject
Project("{FAE04EC0-301F-11D3-BF4B-00C04F79EFBC}") = "Pazarat.Modules.Notifications.Tests", "tests\Pazarat.Modules.Notifications.Tests\Pazarat.Modules.Notifications.Tests.csproj", "{4A95C0AD-AC58-56DA-B11D-F25F97378D90}"
EndProject
Project("{FAE04EC0-301F-11D3-BF4B-00C04F79EFBC}") = "Pazarat.Modules.Orders.Tests", "tests\Pazarat.Modules.Orders.Tests\Pazarat.Modules.Orders.Tests.csproj", "{45FB36AA-76B4-5A46-8A45-57683531F4B8}"
EndProject
Project("{FAE04EC0-301F-11D3-BF4B-00C04F79EFBC}") = "Pazarat.Modules.Payments.Tests", "tests\Pazarat.Modules.Payments.Tests\Pazarat.Modules.Payments.Tests.csproj", "{F3A66F7B-BA0E-5A34-8007-A87FE2C55675}"
EndProject
Project("{FAE04EC0-301F-11D3-BF4B-00C04F79EFBC}") = "Pazarat.Modules.Shipping.Tests", "tests\Pazarat.Modules.Shipping.Tests\Pazarat.Modules.Shipping.Tests.csproj", "{657368A2-806B-5957-96A3-7C846874DAAD}"
EndProject
Project("{FAE04EC0-301F-11D3-BF4B-00C04F79EFBC}") = "Pazarat.Modules.Taxation.Tests", "tests\Pazarat.Modules.Taxation.Tests\Pazarat.Modules.Taxation.Tests.csproj", "{8A2F2738-C555-5633-9ABE-2B6A7233D93E}"
EndProject
Project("{FAE04EC0-301F-11D3-BF4B-00C04F79EFBC}") = "Pazarat.Modules.Users.Tests", "tests\Pazarat.Modules.Users.Tests\Pazarat.Modules.Users.Tests.csproj", "{3EF64970-0792-5B33-8D15-53997B814EF2}"
EndProject
Global
	GlobalSection(SolutionConfigurationPlatforms) = preSolution
		Debug|Any CPU = Debug|Any CPU
		Release|Any CPU = Release|Any CPU
	EndGlobalSection
EndGlobal
